
Microsoft Visual Studio Solution File, Format Version 12.00
# Visual Studio Version 16
VisualStudioVersion = 16.0.30907.101
MinimumVisualStudioVersion = 10.0.40219.1
Project("{9A19103F-16F7-4668-BE54-9A1E7A4F7556}") = "Fag el-Gamous", "Fag el-Gamous.csproj", "{5E8E497C-E4E7-4A39-BA46-56A900A9FC18}"
EndProject
Global
	GlobalSection(SolutionConfigurationPlatforms) = preSolution
		Debug|Any CPU = Debug|Any CPU
		Release|Any CPU = Release|Any CPU
	EndGlobalSection
	GlobalSection(ProjectConfigurationPlatforms) = postSolution
		{5E8E497C-E4E7-4A39-BA46-56A900A9FC18}.Debug|Any CPU.ActiveCfg = Debug|Any CPU
		{5E8E497C-E4E7-4A39-BA46-56A900A9FC18}.Debug|Any CPU.Build.0 = Debug|Any CPU
		{5E8E497C-E4E7-4A39-BA46-56A900A9FC18}.Release|Any CPU.ActiveCfg = Release|Any CPU
		{5E8E497C-E4E7-4A39-BA46-56A900A9FC18}.Release|Any CPU.Build.0 = Release|Any CPU
	EndGlobalSection
	GlobalSection(SolutionProperties) = preSolution
		HideSolutionNode = FALSE
	EndGlobalSection
	GlobalSection(ExtensibilityGlobals) = postSolution
		SolutionGuid = {58148C24-6E23-456A-BBE2-4AB7AD6C607E}
	EndGlobalSection
EndGlobal
